
Microsoft Visual Studio Solution File, Format Version 12.00
# Visual Studio Version 17
VisualStudioVersion = 17.5.33424.131
MinimumVisualStudioVersion = 10.0.40219.1
Project("{FAE04EC0-301F-11D3-BF4B-00C04F79EFBC}") = "ConsoleApp4", "ConsoleApp4\ConsoleApp4.csproj", "{7A4D95A3-F272-47CB-AE05-C2A2FA912373}"
EndProject
Global
	GlobalSection(SolutionConfigurationPlatforms) = preSolution
		Debug|Any CPU = Debug|Any CPU
		Release|Any CPU = Release|Any CPU
	EndGlobalSection
	GlobalSection(ProjectConfigurationPlatforms) = postSolution
		{7A4D95A3-F272-47CB-AE05-C2A2FA912373}.Debug|Any CPU.ActiveCfg = Debug|Any CPU
		{7A4D95A3-F272-47CB-AE05-C2A2FA912373}.Debug|Any CPU.Build.0 = Debug|Any CPU
		{7A4D95A3-F272-47CB-AE05-C2A2FA912373}.Release|Any CPU.ActiveCfg = Release|Any CPU
		{7A4D95A3-F272-47CB-AE05-C2A2FA912373}.Release|Any CPU.Build.0 = Release|Any CPU
	EndGlobalSection
	GlobalSection(SolutionProperties) = preSolution
		HideSolutionNode = FALSE
	EndGlobalSection
	GlobalSection(ExtensibilityGlobals) = postSolution
		SolutionGuid = {504F9A9A-0A0F-4119-9066-906A49EFAA33}
	EndGlobalSection
EndGlobal
